{
  "name": "default",
  "lockfileVersion": 3,
  "requires": true,
  "packages": {
    "": {
      "dependencies": {
        "@types/lodash": "^4.14.197",
        "@types/screeps": "^3.3.3"
      }
    },
    "node_modules/@types/lodash": {
      "version": "4.14.197",
      "resolved": "https://registry.npmjs.org/@types/lodash/-/lodash-4.14.197.tgz",
      "integrity": "sha512-BMVOiWs0uNxHVlHBgzTIqJYmj+PgCo4euloGF+5m4okL3rEYzM2EEv78mw8zWSMM57dM7kVIgJ2QDvwHSoCI5g=="
    },
    "node_modules/@types/screeps": {
      "version": "3.3.3",
      "resolved": "https://registry.npmjs.org/@types/screeps/-/screeps-3.3.3.tgz",
      "integrity": "sha512-r+ru4iNv8wNaNBWvk2gMXYpG8Ok1GJ8NVV9WBIHa5I+hz2QGttnAus+1whDMIzES8x3yK83Usz+gHqm8ehIW7w=="
    }
  }
}
