{
  "name": "MyScript",
  "lockfileVersion": 3,
  "requires": true,
  "packages": {
    "": {
      "dependencies": {
        "@types/lodash": "^4.14.199",
        "@types/screeps": "^3.3.4"
      }
    },
    "node_modules/@types/lodash": {
      "version": "4.14.199",
      "resolved": "https://registry.npmjs.org/@types/lodash/-/lodash-4.14.199.tgz",
      "integrity": "sha512-Vrjz5N5Ia4SEzWWgIVwnHNEnb1UE1XMkvY5DGXrAeOGE9imk0hgTHh5GyDjLDJi9OTCn9oo9dXH1uToK1VRfrg=="
    },
    "node_modules/@types/screeps": {
      "version": "3.3.4",
      "resolved": "https://registry.npmjs.org/@types/screeps/-/screeps-3.3.4.tgz",
      "integrity": "sha512-2MxNq3ttsna5I0xx/3cCQ47QeNFJeTldqND07Lp6aZrWWfotBNdi8iqH325GHIM446huf/QX2a7lqNmy2kkR9w=="
    }
  }
}
